
Microsoft Visual Studio Solution File, Format Version 11.00
# Visual Studio 2010
Project("{FAE04EC0-301F-11D3-BF4B-00C04F79EFBC}") = "Assembly-CSharp", "Assembly-CSharp.csproj", "{6b2524fe-a6d6-1de4-0eb3-31e766371ef2}"
EndProject
Project("{FAE04EC0-301F-11D3-BF4B-00C04F79EFBC}") = "Assembly-CSharp-Editor", "Assembly-CSharp-Editor.csproj", "{1cca7eeb-9e4e-d923-edad-38256c90cb41}"
EndProject
Global
	GlobalSection(SolutionConfigurationPlatforms) = preSolution
		Debug|Any CPU = Debug|Any CPU
	EndGlobalSection
	GlobalSection(ProjectConfigurationPlatforms) = postSolution
		{6b2524fe-a6d6-1de4-0eb3-31e766371ef2}.Debug|Any CPU.ActiveCfg = Debug|Any CPU
		{6b2524fe-a6d6-1de4-0eb3-31e766371ef2}.Debug|Any CPU.Build.0 = Debug|Any CPU
		{1cca7eeb-9e4e-d923-edad-38256c90cb41}.Debug|Any CPU.ActiveCfg = Debug|Any CPU
		{1cca7eeb-9e4e-d923-edad-38256c90cb41}.Debug|Any CPU.Build.0 = Debug|Any CPU
	EndGlobalSection
	GlobalSection(SolutionProperties) = preSolution
		HideSolutionNode = FALSE
	EndGlobalSection
EndGlobal
